
Microsoft Visual Studio Solution File, Format Version 12.00
# Visual Studio Version 17
VisualStudioVersion = 17.0.31912.275
MinimumVisualStudioVersion = 10.0.40219.1
Project("{9A19103F-16F7-4668-BE54-9A1E7A4F7556}") = "ITEC.Backend.API", "ITEC.Backend.API\ITEC.Backend.API.csproj", "{5472609A-3CC6-4542-9C55-CD1DAB67176D}"
EndProject
Project("{FAE04EC0-301F-11D3-BF4B-00C04F79EFBC}") = "ITEC.Backend.Application", "ITEC.Backend.Application\ITEC.Backend.Application.csproj", "{2CEC723D-A638-40D3-A252-FA0E718DDC09}"
EndProject
Project("{FAE04EC0-301F-11D3-BF4B-00C04F79EFBC}") = "ITEC.Backend.Domain", "ITEC.Backend.Domain\ITEC.Backend.Domain.csproj", "{DB5F1006-47AC-4E8B-B032-53961A90C9DE}"
EndProject
Project("{FAE04EC0-301F-11D3-BF4B-00C04F79EFBC}") = "ITEC.Backend.Persistence", "ITEC.Backend.Persistence\ITEC.Backend.Persistence.csproj", "{91249D7E-A8F9-4F02-BC0C-4C2FB94E4420}"
EndProject
Project("{FAE04EC0-301F-11D3-BF4B-00C04F79EFBC}") = "ITEC.Backend.Tests.Unit", "ITEC.Backend.Tests.Unit\ITEC.Backend.Tests.Unit.csproj", "{1F466146-4106-4BA1-AD2F-76172ADA231A}"
EndProject
Global
	GlobalSection(SolutionConfigurationPlatforms) = preSolution
		Debug|Any CPU = Debug|Any CPU
		Release|Any CPU = Release|Any CPU
	EndGlobalSection
	GlobalSection(ProjectConfigurationPlatforms) = postSolution
		{5472609A-3CC6-4542-9C55-CD1DAB67176D}.Debug|Any CPU.ActiveCfg = Debug|Any CPU
		{5472609A-3CC6-4542-9C55-CD1DAB67176D}.Debug|Any CPU.Build.0 = Debug|Any CPU
		{5472609A-3CC6-4542-9C55-CD1DAB67176D}.Release|Any CPU.ActiveCfg = Release|Any CPU
		{5472609A-3CC6-4542-9C55-CD1DAB67176D}.Release|Any CPU.Build.0 = Release|Any CPU
		{2CEC723D-A638-40D3-A252-FA0E718DDC09}.Debug|Any CPU.ActiveCfg = Debug|Any CPU
		{2CEC723D-A638-40D3-A252-FA0E718DDC09}.Debug|Any CPU.Build.0 = Debug|Any CPU
		{2CEC723D-A638-40D3-A252-FA0E718DDC09}.Release|Any CPU.ActiveCfg = Release|Any CPU
		{2CEC723D-A638-40D3-A252-FA0E718DDC09}.Release|Any CPU.Build.0 = Release|Any CPU
		{DB5F1006-47AC-4E8B-B032-53961A90C9DE}.Debug|Any CPU.ActiveCfg = Debug|Any CPU
		{DB5F1006-47AC-4E8B-B032-53961A90C9DE}.Debug|Any CPU.Build.0 = Debug|Any CPU
		{DB5F1006-47AC-4E8B-B032-53961A90C9DE}.Release|Any CPU.ActiveCfg = Release|Any CPU
		{DB5F1006-47AC-4E8B-B032-53961A90C9DE}.Release|Any CPU.Build.0 = Release|Any CPU
		{91249D7E-A8F9-4F02-BC0C-4C2FB94E4420}.Debug|Any CPU.ActiveCfg = Debug|Any CPU
		{91249D7E-A8F9-4F02-BC0C-4C2FB94E4420}.Debug|Any CPU.Build.0 = Debug|Any CPU
		{91249D7E-A8F9-4F02-BC0C-4C2FB94E4420}.Release|Any CPU.ActiveCfg = Release|Any CPU
		{91249D7E-A8F9-4F02-BC0C-4C2FB94E4420}.Release|Any CPU.Build.0 = Release|Any CPU
		{1F466146-4106-4BA1-AD2F-76172ADA231A}.Debug|Any CPU.ActiveCfg = Debug|Any CPU
		{1F466146-4106-4BA1-AD2F-76172ADA231A}.Debug|Any CPU.Build.0 = Debug|Any CPU
		{1F466146-4106-4BA1-AD2F-76172ADA231A}.Release|Any CPU.ActiveCfg = Release|Any CPU
		{1F466146-4106-4BA1-AD2F-76172ADA231A}.Release|Any CPU.Build.0 = Release|Any CPU
	EndGlobalSection
	GlobalSection(SolutionProperties) = preSolution
		HideSolutionNode = FALSE
	EndGlobalSection
	GlobalSection(ExtensibilityGlobals) = postSolution
		SolutionGuid = {5AD57911-FA88-4AEB-AFBE-C6C6ABD0E209}
	EndGlobalSection
EndGlobal
